
Microsoft Visual Studio Solution File, Format Version 12.00
# Visual Studio Version 17
VisualStudioVersion = 17.0.31612.314
MinimumVisualStudioVersion = 10.0.40219.1
Project("{9A19103F-16F7-4668-BE54-9A1E7A4F7556}") = "HelloCSharp.Api", "HelloCSharp.Api\HelloCSharp.Api.csproj", "{CBF3E077-CE87-495A-AB63-5B15E84BAC9E}"
EndProject
Project("{FAE04EC0-301F-11D3-BF4B-00C04F79EFBC}") = "HelloCSharp.Api.Tests", "HelloCSharp.Api.Tests\HelloCSharp.Api.Tests.csproj", "{30D70561-B6C7-4D67-8A1B-79D91E74A27F}"
EndProject
Project("{FAE04EC0-301F-11D3-BF4B-00C04F79EFBC}") = "HelloCSharp.Rest", "HelloCSharp.Rest\HelloCSharp.Rest.csproj", "{22038400-53EF-4B45-8B48-DC479F1640A9}"
EndProject
Project("{FAE04EC0-301F-11D3-BF4B-00C04F79EFBC}") = "HelloCSharp.Rest.Tests", "HelloCSharp.Rest.Tests\HelloCSharp.Rest.Tests.csproj", "{ABC88CB8-B8DD-492E-AA98-C9E20F6BFD9A}"
EndProject
Project("{FAE04EC0-301F-11D3-BF4B-00C04F79EFBC}") = "HelloCSharp.Persistence", "HelloCSharp.Persistence\HelloCSharp.Persistence.csproj", "{FE7EAF45-D6B5-48DA-9695-DE97B0F7FCCB}"
EndProject
Project("{FAE04EC0-301F-11D3-BF4B-00C04F79EFBC}") = "HelloCSharp.Persistence.Tests", "HelloCSharp.Persistence.Tests\HelloCSharp.Persistence.Tests.csproj", "{B73CB3FA-8F22-4CB8-B38B-B3794CA982FA}"
EndProject
Project("{9A19103F-16F7-4668-BE54-9A1E7A4F7556}") = "HelloCSharp.Frontend", "HelloCSharp.Frontend\HelloCSharp.Frontend.csproj", "{D9C13C5C-E0A2-4097-959D-D192AD462570}"
EndProject
Project("{FAE04EC0-301F-11D3-BF4B-00C04F79EFBC}") = "HelloCSharp", "HelloCSharp\HelloCSharp.csproj", "{165C4769-497E-4B8C-AED3-245EF0EDE22B}"
EndProject
Global
	GlobalSection(SolutionConfigurationPlatforms) = preSolution
		Debug|Any CPU = Debug|Any CPU
		Release|Any CPU = Release|Any CPU
	EndGlobalSection
	GlobalSection(ProjectConfigurationPlatforms) = postSolution
		{D9C13C5C-E0A2-4097-959D-D192AD462570}.Debug|Any CPU.ActiveCfg = Debug|Any CPU
		{D9C13C5C-E0A2-4097-959D-D192AD462570}.Debug|Any CPU.Build.0 = Debug|Any CPU
		{D9C13C5C-E0A2-4097-959D-D192AD462570}.Release|Any CPU.ActiveCfg = Release|Any CPU
		{D9C13C5C-E0A2-4097-959D-D192AD462570}.Release|Any CPU.Build.0 = Release|Any CPU
		{CBF3E077-CE87-495A-AB63-5B15E84BAC9E}.Debug|Any CPU.ActiveCfg = Debug|Any CPU
		{CBF3E077-CE87-495A-AB63-5B15E84BAC9E}.Debug|Any CPU.Build.0 = Debug|Any CPU
		{CBF3E077-CE87-495A-AB63-5B15E84BAC9E}.Release|Any CPU.ActiveCfg = Release|Any CPU
		{CBF3E077-CE87-495A-AB63-5B15E84BAC9E}.Release|Any CPU.Build.0 = Release|Any CPU
		{22038400-53EF-4B45-8B48-DC479F1640A9}.Debug|Any CPU.ActiveCfg = Debug|Any CPU
		{22038400-53EF-4B45-8B48-DC479F1640A9}.Debug|Any CPU.Build.0 = Debug|Any CPU
		{22038400-53EF-4B45-8B48-DC479F1640A9}.Release|Any CPU.ActiveCfg = Release|Any CPU
		{22038400-53EF-4B45-8B48-DC479F1640A9}.Release|Any CPU.Build.0 = Release|Any CPU
		{FE7EAF45-D6B5-48DA-9695-DE97B0F7FCCB}.Debug|Any CPU.ActiveCfg = Debug|Any CPU
		{FE7EAF45-D6B5-48DA-9695-DE97B0F7FCCB}.Debug|Any CPU.Build.0 = Debug|Any CPU
		{FE7EAF45-D6B5-48DA-9695-DE97B0F7FCCB}.Release|Any CPU.ActiveCfg = Release|Any CPU
		{FE7EAF45-D6B5-48DA-9695-DE97B0F7FCCB}.Release|Any CPU.Build.0 = Release|Any CPU
		{ABC88CB8-B8DD-492E-AA98-C9E20F6BFD9A}.Debug|Any CPU.ActiveCfg = Debug|Any CPU
		{ABC88CB8-B8DD-492E-AA98-C9E20F6BFD9A}.Debug|Any CPU.Build.0 = Debug|Any CPU
		{ABC88CB8-B8DD-492E-AA98-C9E20F6BFD9A}.Release|Any CPU.ActiveCfg = Release|Any CPU
		{ABC88CB8-B8DD-492E-AA98-C9E20F6BFD9A}.Release|Any CPU.Build.0 = Release|Any CPU
		{B73CB3FA-8F22-4CB8-B38B-B3794CA982FA}.Debug|Any CPU.ActiveCfg = Debug|Any CPU
		{B73CB3FA-8F22-4CB8-B38B-B3794CA982FA}.Debug|Any CPU.Build.0 = Debug|Any CPU
		{B73CB3FA-8F22-4CB8-B38B-B3794CA982FA}.Release|Any CPU.ActiveCfg = Release|Any CPU
		{B73CB3FA-8F22-4CB8-B38B-B3794CA982FA}.Release|Any CPU.Build.0 = Release|Any CPU
		{30D70561-B6C7-4D67-8A1B-79D91E74A27F}.Debug|Any CPU.ActiveCfg = Debug|Any CPU
		{30D70561-B6C7-4D67-8A1B-79D91E74A27F}.Debug|Any CPU.Build.0 = Debug|Any CPU
		{30D70561-B6C7-4D67-8A1B-79D91E74A27F}.Release|Any CPU.ActiveCfg = Release|Any CPU
		{30D70561-B6C7-4D67-8A1B-79D91E74A27F}.Release|Any CPU.Build.0 = Release|Any CPU
		{D818B8DF-3256-45CF-867C-D959F252FEDA}.Debug|Any CPU.ActiveCfg = Debug|Any CPU
		{D818B8DF-3256-45CF-867C-D959F252FEDA}.Debug|Any CPU.Build.0 = Debug|Any CPU
		{D818B8DF-3256-45CF-867C-D959F252FEDA}.Release|Any CPU.ActiveCfg = Release|Any CPU
		{D818B8DF-3256-45CF-867C-D959F252FEDA}.Release|Any CPU.Build.0 = Release|Any CPU
		{165C4769-497E-4B8C-AED3-245EF0EDE22B}.Debug|Any CPU.ActiveCfg = Debug|Any CPU
		{165C4769-497E-4B8C-AED3-245EF0EDE22B}.Debug|Any CPU.Build.0 = Debug|Any CPU
		{165C4769-497E-4B8C-AED3-245EF0EDE22B}.Release|Any CPU.ActiveCfg = Release|Any CPU
		{165C4769-497E-4B8C-AED3-245EF0EDE22B}.Release|Any CPU.Build.0 = Release|Any CPU
	EndGlobalSection
	GlobalSection(SolutionProperties) = preSolution
		HideSolutionNode = FALSE
	EndGlobalSection
	GlobalSection(ExtensibilityGlobals) = postSolution
		SolutionGuid = {67149A86-5A92-48E2-BC9F-5430C784F35F}
	EndGlobalSection
EndGlobal
